
Microsoft Visual Studio Solution File, Format Version 12.00
# Visual Studio Version 17
VisualStudioVersion = 17.7.34031.279
MinimumVisualStudioVersion = 10.0.40219.1
Project("{9A19103F-16F7-4668-BE54-9A1E7A4F7556}") = "Beltek.HelloWorldApp", "Beltek.HelloWorldApp\Beltek.HelloWorldApp.csproj", "{C46C847D-947D-496F-AAFB-A36A5AEA8ECD}"
EndProject
Project("{9A19103F-16F7-4668-BE54-9A1E7A4F7556}") = "Beltek.DongulerApp", "Beltek.DongulerApp\Beltek.DongulerApp.csproj", "{C314ADF1-E93E-46CC-8759-427227098375}"
EndProject
Project("{9A19103F-16F7-4668-BE54-9A1E7A4F7556}") = "Beltek.DizilerApp", "Beltek.DizilerApp\Beltek.DizilerApp.csproj", "{ABFAAE04-D0C5-4BC5-A2DA-669F3129FC59}"
EndProject
Project("{FAE04EC0-301F-11D3-BF4B-00C04F79EFBC}") = "Beltek.MetodlarApp", "Beltek.MetodlarApp\Beltek.MetodlarApp.csproj", "{8236BD0D-11AF-4F64-9B4F-AE38F9D39705}"
EndProject
Global
	GlobalSection(SolutionConfigurationPlatforms) = preSolution
		Debug|Any CPU = Debug|Any CPU
		Release|Any CPU = Release|Any CPU
	EndGlobalSection
	GlobalSection(ProjectConfigurationPlatforms) = postSolution
		{C46C847D-947D-496F-AAFB-A36A5AEA8ECD}.Debug|Any CPU.ActiveCfg = Debug|Any CPU
		{C46C847D-947D-496F-AAFB-A36A5AEA8ECD}.Debug|Any CPU.Build.0 = Debug|Any CPU
		{C46C847D-947D-496F-AAFB-A36A5AEA8ECD}.Release|Any CPU.ActiveCfg = Release|Any CPU
		{C46C847D-947D-496F-AAFB-A36A5AEA8ECD}.Release|Any CPU.Build.0 = Release|Any CPU
		{C314ADF1-E93E-46CC-8759-427227098375}.Debug|Any CPU.ActiveCfg = Debug|Any CPU
		{C314ADF1-E93E-46CC-8759-427227098375}.Debug|Any CPU.Build.0 = Debug|Any CPU
		{C314ADF1-E93E-46CC-8759-427227098375}.Release|Any CPU.ActiveCfg = Release|Any CPU
		{C314ADF1-E93E-46CC-8759-427227098375}.Release|Any CPU.Build.0 = Release|Any CPU
		{ABFAAE04-D0C5-4BC5-A2DA-669F3129FC59}.Debug|Any CPU.ActiveCfg = Debug|Any CPU
		{ABFAAE04-D0C5-4BC5-A2DA-669F3129FC59}.Debug|Any CPU.Build.0 = Debug|Any CPU
		{ABFAAE04-D0C5-4BC5-A2DA-669F3129FC59}.Release|Any CPU.ActiveCfg = Release|Any CPU
		{ABFAAE04-D0C5-4BC5-A2DA-669F3129FC59}.Release|Any CPU.Build.0 = Release|Any CPU
		{8236BD0D-11AF-4F64-9B4F-AE38F9D39705}.Debug|Any CPU.ActiveCfg = Debug|Any CPU
		{8236BD0D-11AF-4F64-9B4F-AE38F9D39705}.Debug|Any CPU.Build.0 = Debug|Any CPU
		{8236BD0D-11AF-4F64-9B4F-AE38F9D39705}.Release|Any CPU.ActiveCfg = Release|Any CPU
		{8236BD0D-11AF-4F64-9B4F-AE38F9D39705}.Release|Any CPU.Build.0 = Release|Any CPU
	EndGlobalSection
	GlobalSection(SolutionProperties) = preSolution
		HideSolutionNode = FALSE
	EndGlobalSection
	GlobalSection(ExtensibilityGlobals) = postSolution
		SolutionGuid = {23202677-4FEA-4A41-BB0E-FBA2172269D3}
	EndGlobalSection
EndGlobal
